{
  "name": "Mod1",
  "lockfileVersion": 2,
  "requires": true,
  "packages": {
    "": {
      "dependencies": {
        "vfs": "^0.2.2"
      }
    },
    "node_modules/argler": {
      "version": "1.0.1",
      "resolved": "https://registry.npmjs.org/argler/-/argler-1.0.1.tgz",
      "integrity": "sha512-INDu7z/EZmfuuPWpitJIxc/+83hn5bAGtWoJJ+3YmlKMIHqEjj9ADnrEKajXIqFdwpcRIwrpDWJSRdzfgoQvhQ==",
      "engines": {
        "node": ">=0.10.0"
      }
    },
    "node_modules/bindings": {
      "version": "1.2.1",
      "resolved": "https://registry.npmjs.org/bindings/-/bindings-1.2.1.tgz",
      "integrity": "sha512-u4cBQNepWxYA55FunZSM7wMi55yQaN0otnhhilNoWHq0MfOfJeQx0v0mRRpolGOExPjZcl6FtB0BB8Xkb88F0g==",
      "optional": true
    },
    "node_modules/bufferutil": {
      "version": "1.2.1",
      "resolved": "https://registry.npmjs.org/bufferutil/-/bufferutil-1.2.1.tgz",
      "integrity": "sha512-rtE2s2JHFmfaldMwWFSUaPTxfxq6Um3xw9PEUK5bAfW83UTXp3WQpE7slnD2bd9GUgb0BA7JC/7ZxeBrIq+8Dw==",
      "hasInstallScript": true,
      "optional": true,
      "dependencies": {
        "bindings": "1.2.x",
        "nan": "^2.0.5"
      }
    },
    "node_modules/minimist": {
      "version": "1.2.7",
      "resolved": "https://registry.npmjs.org/minimist/-/minimist-1.2.7.tgz",
      "integrity": "sha512-bzfL1YUZsP41gmu/qjrEk0Q6i2ix/cVeAhbCbqH9u3zYutS1cLg00qhrD0M2MVdCcx4Sc0UpP2eBWo9rotpq6g==",
      "funding": {
        "url": "https://github.com/sponsors/ljharb"
      }
    },
    "node_modules/minish": {
      "version": "0.5.4",
      "resolved": "https://registry.npmjs.org/minish/-/minish-0.5.4.tgz",
      "integrity": "sha512-B6pvrfBgdiLqaTht569bj4UUu1kB5ZFmKl5bD6JWn+oaxoumZdhQJt/W4coi6QwdWlyOpnsKjc0V6AQxf7gr0w==",
      "dependencies": {
        "argler": "^1.0.1",
        "minimist": "^1.2.0"
      },
      "engines": {
        "node": ">=0.10.0"
      }
    },
    "node_modules/nan": {
      "version": "2.17.0",
      "resolved": "https://registry.npmjs.org/nan/-/nan-2.17.0.tgz",
      "integrity": "sha512-2ZTgtl0nJsO0KQCjEpxcIr5D+Yv90plTitZt9JBfQvVJDS5seMl3FOvsh3+9CoYWXf/1l5OaZzzF6nDm4cagaQ==",
      "optional": true
    },
    "node_modules/options": {
      "version": "0.0.6",
      "resolved": "https://registry.npmjs.org/options/-/options-0.0.6.tgz",
      "integrity": "sha512-bOj3L1ypm++N+n7CEbbe473A414AB7z+amKYshRb//iuL3MpdDCLhPnw6aVTdKB9g5ZRVHIEp8eUln6L2NUStg==",
      "engines": {
        "node": ">=0.4.0"
      }
    },
    "node_modules/sftp-ws": {
      "version": "0.7.1",
      "resolved": "https://registry.npmjs.org/sftp-ws/-/sftp-ws-0.7.1.tgz",
      "integrity": "sha512-XFFC8JZRwfvGGJ29xoSmlUfOPzhJBlovPx8HwadlufjVu3ZbpRWlIh9aPpn9c94ai5Z9NPuEufyilECxgKVaSw==",
      "dependencies": {
        "ws": "~0.8.0"
      },
      "engines": {
        "node": ">=0.10.0"
      }
    },
    "node_modules/ultron": {
      "version": "1.0.2",
      "resolved": "https://registry.npmjs.org/ultron/-/ultron-1.0.2.tgz",
      "integrity": "sha512-QMpnpVtYaWEeY+MwKDN/UdKlE/LsFZXM5lO1u7GaZzNgmIbGixHEmVMIKT+vqYOALu3m5GYQy9kz4Xu4IVn7Ow=="
    },
    "node_modules/utf-8-validate": {
      "version": "1.2.2",
      "resolved": "https://registry.npmjs.org/utf-8-validate/-/utf-8-validate-1.2.2.tgz",
      "integrity": "sha512-CcV1z1L/e1wFAZwl8T6o1MmxIsg/ClZ4nmUolyIhb3ZJKbD/ZQTZXstCf6BiRcvaThSJVI8SqWLodWq/hnWDxQ==",
      "hasInstallScript": true,
      "optional": true,
      "dependencies": {
        "bindings": "~1.2.1",
        "nan": "~2.4.0"
      }
    },
    "node_modules/utf-8-validate/node_modules/nan": {
      "version": "2.4.0",
      "resolved": "https://registry.npmjs.org/nan/-/nan-2.4.0.tgz",
      "integrity": "sha512-Ym8Mn5u8D8Fwo7fHWhD7xEyKe/y/J8Epkxp6iJfZhtgnRva+GN+dQddiWGE2cksWCV92K/HzdHlJWo7aZJDlFw==",
      "optional": true
    },
    "node_modules/vfs": {
      "version": "0.2.2",
      "resolved": "https://registry.npmjs.org/vfs/-/vfs-0.2.2.tgz",
      "integrity": "sha512-p0Ob31ympqWnjMwzcCyz/cPc0RntuPoicu9zH3p4cYgdUP5ciRaLFccvkUT0pNQ5SYCgzlIstiP7ht1n2clhqw==",
      "dependencies": {
        "minish": "^0.5.4",
        "sftp-ws": "~0.7.0"
      },
      "bin": {
        "vfs": "bin/vfs.js"
      },
      "engines": {
        "node": ">=0.10.0"
      }
    },
    "node_modules/ws": {
      "version": "0.8.1",
      "resolved": "https://registry.npmjs.org/ws/-/ws-0.8.1.tgz",
      "integrity": "sha512-nDxDQDUMPnPqHYO4sWI9ln+ssUz1gxXCAFpczkv3LPQMmbC5vpfX1VZid6hqAaqNfI9bEvctLFNdZJBQPtdYCQ==",
      "dependencies": {
        "options": ">=0.0.5",
        "ultron": "1.0.x"
      },
      "optionalDependencies": {
        "bufferutil": "1.2.x",
        "utf-8-validate": "1.2.x"
      }
    }
  },
  "dependencies": {
    "argler": {
      "version": "1.0.1",
      "resolved": "https://registry.npmjs.org/argler/-/argler-1.0.1.tgz",
      "integrity": "sha512-INDu7z/EZmfuuPWpitJIxc/+83hn5bAGtWoJJ+3YmlKMIHqEjj9ADnrEKajXIqFdwpcRIwrpDWJSRdzfgoQvhQ=="
    },
    "bindings": {
      "version": "1.2.1",
      "resolved": "https://registry.npmjs.org/bindings/-/bindings-1.2.1.tgz",
      "integrity": "sha512-u4cBQNepWxYA55FunZSM7wMi55yQaN0otnhhilNoWHq0MfOfJeQx0v0mRRpolGOExPjZcl6FtB0BB8Xkb88F0g==",
      "optional": true
    },
    "bufferutil": {
      "version": "1.2.1",
      "resolved": "https://registry.npmjs.org/bufferutil/-/bufferutil-1.2.1.tgz",
      "integrity": "sha512-rtE2s2JHFmfaldMwWFSUaPTxfxq6Um3xw9PEUK5bAfW83UTXp3WQpE7slnD2bd9GUgb0BA7JC/7ZxeBrIq+8Dw==",
      "optional": true,
      "requires": {
        "bindings": "1.2.x",
        "nan": "^2.0.5"
      }
    },
    "minimist": {
      "version": "1.2.7",
      "resolved": "https://registry.npmjs.org/minimist/-/minimist-1.2.7.tgz",
      "integrity": "sha512-bzfL1YUZsP41gmu/qjrEk0Q6i2ix/cVeAhbCbqH9u3zYutS1cLg00qhrD0M2MVdCcx4Sc0UpP2eBWo9rotpq6g=="
    },
    "minish": {
      "version": "0.5.4",
      "resolved": "https://registry.npmjs.org/minish/-/minish-0.5.4.tgz",
      "integrity": "sha512-B6pvrfBgdiLqaTht569bj4UUu1kB5ZFmKl5bD6JWn+oaxoumZdhQJt/W4coi6QwdWlyOpnsKjc0V6AQxf7gr0w==",
      "requires": {
        "argler": "^1.0.1",
        "minimist": "^1.2.0"
      }
    },
    "nan": {
      "version": "2.17.0",
      "resolved": "https://registry.npmjs.org/nan/-/nan-2.17.0.tgz",
      "integrity": "sha512-2ZTgtl0nJsO0KQCjEpxcIr5D+Yv90plTitZt9JBfQvVJDS5seMl3FOvsh3+9CoYWXf/1l5OaZzzF6nDm4cagaQ==",
      "optional": true
    },
    "options": {
      "version": "0.0.6",
      "resolved": "https://registry.npmjs.org/options/-/options-0.0.6.tgz",
      "integrity": "sha512-bOj3L1ypm++N+n7CEbbe473A414AB7z+amKYshRb//iuL3MpdDCLhPnw6aVTdKB9g5ZRVHIEp8eUln6L2NUStg=="
    },
    "sftp-ws": {
      "version": "0.7.1",
      "resolved": "https://registry.npmjs.org/sftp-ws/-/sftp-ws-0.7.1.tgz",
      "integrity": "sha512-XFFC8JZRwfvGGJ29xoSmlUfOPzhJBlovPx8HwadlufjVu3ZbpRWlIh9aPpn9c94ai5Z9NPuEufyilECxgKVaSw==",
      "requires": {
        "ws": "~0.8.0"
      }
    },
    "ultron": {
      "version": "1.0.2",
      "resolved": "https://registry.npmjs.org/ultron/-/ultron-1.0.2.tgz",
      "integrity": "sha512-QMpnpVtYaWEeY+MwKDN/UdKlE/LsFZXM5lO1u7GaZzNgmIbGixHEmVMIKT+vqYOALu3m5GYQy9kz4Xu4IVn7Ow=="
    },
    "utf-8-validate": {
      "version": "1.2.2",
      "resolved": "https://registry.npmjs.org/utf-8-validate/-/utf-8-validate-1.2.2.tgz",
      "integrity": "sha512-CcV1z1L/e1wFAZwl8T6o1MmxIsg/ClZ4nmUolyIhb3ZJKbD/ZQTZXstCf6BiRcvaThSJVI8SqWLodWq/hnWDxQ==",
      "optional": true,
      "requires": {
        "bindings": "~1.2.1",
        "nan": "~2.4.0"
      },
      "dependencies": {
        "nan": {
          "version": "2.4.0",
          "resolved": "https://registry.npmjs.org/nan/-/nan-2.4.0.tgz",
          "integrity": "sha512-Ym8Mn5u8D8Fwo7fHWhD7xEyKe/y/J8Epkxp6iJfZhtgnRva+GN+dQddiWGE2cksWCV92K/HzdHlJWo7aZJDlFw==",
          "optional": true
        }
      }
    },
    "vfs": {
      "version": "0.2.2",
      "resolved": "https://registry.npmjs.org/vfs/-/vfs-0.2.2.tgz",
      "integrity": "sha512-p0Ob31ympqWnjMwzcCyz/cPc0RntuPoicu9zH3p4cYgdUP5ciRaLFccvkUT0pNQ5SYCgzlIstiP7ht1n2clhqw==",
      "requires": {
        "minish": "^0.5.4",
        "sftp-ws": "~0.7.0"
      }
    },
    "ws": {
      "version": "0.8.1",
      "resolved": "https://registry.npmjs.org/ws/-/ws-0.8.1.tgz",
      "integrity": "sha512-nDxDQDUMPnPqHYO4sWI9ln+ssUz1gxXCAFpczkv3LPQMmbC5vpfX1VZid6hqAaqNfI9bEvctLFNdZJBQPtdYCQ==",
      "requires": {
        "bufferutil": "1.2.x",
        "options": ">=0.0.5",
        "ultron": "1.0.x",
        "utf-8-validate": "1.2.x"
      }
    }
  }
}
